# This file was autogenerated by Stack.
# You should not edit this file by hand.
# For more information, please see the documentation at:
#   https://docs.haskellstack.org/en/stable/lock_files

packages:
- completed:
    hackage: SHA-1.6.4.4@sha256:3b7523df3e2186ae8c5ac78c745efb586814afe9c775b886a747556d9f4d429c,4920
    pantry-tree:
      size: 326
      sha256: c03bb11d42a31b3d371761f0b48adc4ca8ed43393c37130a2de788db02d090ae
  original:
    hackage: SHA-1.6.4.4@sha256:3b7523df3e2186ae8c5ac78c745efb586814afe9c775b886a747556d9f4d429c,4920
snapshots: []
